{
  "name": "www",
  "version": "1.0.0",
  "lockfileVersion": 2,
  "requires": true,
  "packages": {
    "": {
      "version": "1.0.0",
      "license": "ISC",
      "dependencies": {
        "wasm-ascii-maker": "../pkg"
      }
    },
    "../pkg": {
      "version": "0.1.0"
    },
    "node_modules/wasm-ascii-maker": {
      "resolved": "../pkg",
      "link": true
    }
  },
  "dependencies": {
    "wasm-ascii-maker": {
      "version": "file:../pkg"
    }
  }
}
